
Microsoft Visual Studio Solution File, Format Version 12.00
# Visual Studio Version 16
VisualStudioVersion = 16.0.31205.134
MinimumVisualStudioVersion = 10.0.40219.1
Project("{FAE04EC0-301F-11D3-BF4B-00C04F79EFBC}") = "ProfileDetailsAssessment", "ProfileDetailsAssessment\ProfileDetailsAssessment.csproj", "{7F86E1A4-9C63-4553-A73D-53836444EF6E}"
EndProject
Global
	GlobalSection(SolutionConfigurationPlatforms) = preSolution
		Debug|Any CPU = Debug|Any CPU
		Release|Any CPU = Release|Any CPU
	EndGlobalSection
	GlobalSection(ProjectConfigurationPlatforms) = postSolution
		{7F86E1A4-9C63-4553-A73D-53836444EF6E}.Debug|Any CPU.ActiveCfg = Debug|Any CPU
		{7F86E1A4-9C63-4553-A73D-53836444EF6E}.Debug|Any CPU.Build.0 = Debug|Any CPU
		{7F86E1A4-9C63-4553-A73D-53836444EF6E}.Release|Any CPU.ActiveCfg = Release|Any CPU
		{7F86E1A4-9C63-4553-A73D-53836444EF6E}.Release|Any CPU.Build.0 = Release|Any CPU
	EndGlobalSection
	GlobalSection(SolutionProperties) = preSolution
		HideSolutionNode = FALSE
	EndGlobalSection
	GlobalSection(ExtensibilityGlobals) = postSolution
		SolutionGuid = {C509F396-B578-4E8C-A7DF-5BF4678EB7A4}
	EndGlobalSection
EndGlobal
